
Microsoft Visual Studio Solution File, Format Version 12.00
# Visual Studio Version 17
VisualStudioVersion = 17.9.34701.34
MinimumVisualStudioVersion = 10.0.40219.1
Project("{9A19103F-16F7-4668-BE54-9A1E7A4F7556}") = "E-Shop.API", "E-Shop.API\E-Shop.API.csproj", "{C1479EC8-729D-4BD3-9A7B-48AF94534EDA}"
EndProject
Project("{9A19103F-16F7-4668-BE54-9A1E7A4F7556}") = "E-Shop.DAL", "E-Shop.DAL\E-Shop.DAL.csproj", "{B8EB1BCB-1D2D-43F1-89F5-A71DCA820D9B}"
EndProject
Project("{FAE04EC0-301F-11D3-BF4B-00C04F79EFBC}") = "E-Shop.BLL", "E-Shop.BLL\E-Shop.BLL.csproj", "{3242965E-F73C-43AB-A08F-78277305D8E7}"
EndProject
Global
	GlobalSection(SolutionConfigurationPlatforms) = preSolution
		Debug|Any CPU = Debug|Any CPU
		Release|Any CPU = Release|Any CPU
	EndGlobalSection
	GlobalSection(ProjectConfigurationPlatforms) = postSolution
		{C1479EC8-729D-4BD3-9A7B-48AF94534EDA}.Debug|Any CPU.ActiveCfg = Debug|Any CPU
		{C1479EC8-729D-4BD3-9A7B-48AF94534EDA}.Debug|Any CPU.Build.0 = Debug|Any CPU
		{C1479EC8-729D-4BD3-9A7B-48AF94534EDA}.Release|Any CPU.ActiveCfg = Release|Any CPU
		{C1479EC8-729D-4BD3-9A7B-48AF94534EDA}.Release|Any CPU.Build.0 = Release|Any CPU
		{B8EB1BCB-1D2D-43F1-89F5-A71DCA820D9B}.Debug|Any CPU.ActiveCfg = Debug|Any CPU
		{B8EB1BCB-1D2D-43F1-89F5-A71DCA820D9B}.Debug|Any CPU.Build.0 = Debug|Any CPU
		{B8EB1BCB-1D2D-43F1-89F5-A71DCA820D9B}.Release|Any CPU.ActiveCfg = Release|Any CPU
		{B8EB1BCB-1D2D-43F1-89F5-A71DCA820D9B}.Release|Any CPU.Build.0 = Release|Any CPU
		{3242965E-F73C-43AB-A08F-78277305D8E7}.Debug|Any CPU.ActiveCfg = Debug|Any CPU
		{3242965E-F73C-43AB-A08F-78277305D8E7}.Debug|Any CPU.Build.0 = Debug|Any CPU
		{3242965E-F73C-43AB-A08F-78277305D8E7}.Release|Any CPU.ActiveCfg = Release|Any CPU
		{3242965E-F73C-43AB-A08F-78277305D8E7}.Release|Any CPU.Build.0 = Release|Any CPU
	EndGlobalSection
	GlobalSection(SolutionProperties) = preSolution
		HideSolutionNode = FALSE
	EndGlobalSection
	GlobalSection(ExtensibilityGlobals) = postSolution
		SolutionGuid = {0A10E05E-2F86-48B4-B8E0-2E1A061D209A}
	EndGlobalSection
EndGlobal
